
Microsoft Visual Studio Solution File, Format Version 12.00
# Visual Studio Version 16
VisualStudioVersion = 16.0.31025.194
MinimumVisualStudioVersion = 10.0.40219.1
Project("{9A19103F-16F7-4668-BE54-9A1E7A4F7556}") = "TicTacToe.BL", "TicTacToe.BL\TicTacToe.BL.csproj", "{4EEF1BD8-8A5F-465D-914D-392BE056A388}"
EndProject
Project("{9A19103F-16F7-4668-BE54-9A1E7A4F7556}") = "TicTacToe.Data", "TicTacToe.Data\TicTacToe.Data.csproj", "{5032C2AD-CE3D-453B-87EC-89B8A9228493}"
EndProject
Project("{9A19103F-16F7-4668-BE54-9A1E7A4F7556}") = "TicTacToe.App", "TicTacToe.App\TicTacToe.App.csproj", "{B38EE89A-06FF-4E5A-BCD0-DF255AC770B0}"
EndProject
Project("{2150E333-8FDC-42A3-9474-1A3956D46DE8}") = "FrontEnd", "FrontEnd", "{DF277DD6-7239-402E-958C-DA9FD3A9392A}"
EndProject
Project("{9A19103F-16F7-4668-BE54-9A1E7A4F7556}") = "TicTacToe.Core", "TicTacToe.Core\TicTacToe.Core.csproj", "{EF84E5F7-E76B-48AC-99B9-AF41DB892EFC}"
EndProject
Project("{FAE04EC0-301F-11D3-BF4B-00C04F79EFBC}") = "TicTacToe.EntityFramework", "TicTacToe.EntityFramework\TicTacToe.EntityFramework.csproj", "{1C319AE6-314E-455D-B5CE-5C4A81BC0B57}"
EndProject
Project("{FAE04EC0-301F-11D3-BF4B-00C04F79EFBC}") = "TicTacToe.Infrastructure", "TicTacToe.Infrastructure\TicTacToe.Infrastructure.csproj", "{8B0395EF-1E81-453F-B800-7A99ED08EFBD}"
EndProject
Global
	GlobalSection(SolutionConfigurationPlatforms) = preSolution
		Debug|Any CPU = Debug|Any CPU
		Release|Any CPU = Release|Any CPU
	EndGlobalSection
	GlobalSection(ProjectConfigurationPlatforms) = postSolution
		{4EEF1BD8-8A5F-465D-914D-392BE056A388}.Debug|Any CPU.ActiveCfg = Debug|Any CPU
		{4EEF1BD8-8A5F-465D-914D-392BE056A388}.Debug|Any CPU.Build.0 = Debug|Any CPU
		{4EEF1BD8-8A5F-465D-914D-392BE056A388}.Release|Any CPU.ActiveCfg = Release|Any CPU
		{4EEF1BD8-8A5F-465D-914D-392BE056A388}.Release|Any CPU.Build.0 = Release|Any CPU
		{5032C2AD-CE3D-453B-87EC-89B8A9228493}.Debug|Any CPU.ActiveCfg = Debug|Any CPU
		{5032C2AD-CE3D-453B-87EC-89B8A9228493}.Debug|Any CPU.Build.0 = Debug|Any CPU
		{5032C2AD-CE3D-453B-87EC-89B8A9228493}.Release|Any CPU.ActiveCfg = Release|Any CPU
		{5032C2AD-CE3D-453B-87EC-89B8A9228493}.Release|Any CPU.Build.0 = Release|Any CPU
		{B38EE89A-06FF-4E5A-BCD0-DF255AC770B0}.Debug|Any CPU.ActiveCfg = Debug|Any CPU
		{B38EE89A-06FF-4E5A-BCD0-DF255AC770B0}.Debug|Any CPU.Build.0 = Debug|Any CPU
		{B38EE89A-06FF-4E5A-BCD0-DF255AC770B0}.Release|Any CPU.ActiveCfg = Release|Any CPU
		{B38EE89A-06FF-4E5A-BCD0-DF255AC770B0}.Release|Any CPU.Build.0 = Release|Any CPU
		{EF84E5F7-E76B-48AC-99B9-AF41DB892EFC}.Debug|Any CPU.ActiveCfg = Debug|Any CPU
		{EF84E5F7-E76B-48AC-99B9-AF41DB892EFC}.Debug|Any CPU.Build.0 = Debug|Any CPU
		{EF84E5F7-E76B-48AC-99B9-AF41DB892EFC}.Release|Any CPU.ActiveCfg = Release|Any CPU
		{EF84E5F7-E76B-48AC-99B9-AF41DB892EFC}.Release|Any CPU.Build.0 = Release|Any CPU
		{1C319AE6-314E-455D-B5CE-5C4A81BC0B57}.Debug|Any CPU.ActiveCfg = Debug|Any CPU
		{1C319AE6-314E-455D-B5CE-5C4A81BC0B57}.Debug|Any CPU.Build.0 = Debug|Any CPU
		{1C319AE6-314E-455D-B5CE-5C4A81BC0B57}.Release|Any CPU.ActiveCfg = Release|Any CPU
		{1C319AE6-314E-455D-B5CE-5C4A81BC0B57}.Release|Any CPU.Build.0 = Release|Any CPU
		{8B0395EF-1E81-453F-B800-7A99ED08EFBD}.Debug|Any CPU.ActiveCfg = Debug|Any CPU
		{8B0395EF-1E81-453F-B800-7A99ED08EFBD}.Debug|Any CPU.Build.0 = Debug|Any CPU
		{8B0395EF-1E81-453F-B800-7A99ED08EFBD}.Release|Any CPU.ActiveCfg = Release|Any CPU
		{8B0395EF-1E81-453F-B800-7A99ED08EFBD}.Release|Any CPU.Build.0 = Release|Any CPU
	EndGlobalSection
	GlobalSection(SolutionProperties) = preSolution
		HideSolutionNode = FALSE
	EndGlobalSection
	GlobalSection(NestedProjects) = preSolution
		{B38EE89A-06FF-4E5A-BCD0-DF255AC770B0} = {DF277DD6-7239-402E-958C-DA9FD3A9392A}
		{EF84E5F7-E76B-48AC-99B9-AF41DB892EFC} = {DF277DD6-7239-402E-958C-DA9FD3A9392A}
	EndGlobalSection
	GlobalSection(ExtensibilityGlobals) = postSolution
		SolutionGuid = {28E4046D-49A8-431D-B3D9-8C8098C6BEF4}
	EndGlobalSection
EndGlobal
