
Microsoft Visual Studio Solution File, Format Version 12.00
# Visual Studio Version 16
VisualStudioVersion = 16.0.31025.194
MinimumVisualStudioVersion = 10.0.40219.1
Project("{9A19103F-16F7-4668-BE54-9A1E7A4F7556}") = "TicTacToe.BL", "TicTacToe.BL\TicTacToe.BL.csproj", "{4EEF1BD8-8A5F-465D-914D-392BE056A388}"
EndProject
Project("{9A19103F-16F7-4668-BE54-9A1E7A4F7556}") = "TicTacToe.Data", "TicTacToe.Data\TicTacToe.Data.csproj", "{5032C2AD-CE3D-453B-87EC-89B8A9228493}"
EndProject
Project("{9A19103F-16F7-4668-BE54-9A1E7A4F7556}") = "TicTacToe.App", "TicTacToe.App\TicTacToe.App.csproj", "{B38EE89A-06FF-4E5A-BCD0-DF255AC770B0}"
EndProject
Project("{2150E333-8FDC-42A3-9474-1A3956D46DE8}") = "FrontEnd", "FrontEnd", "{DF277DD6-7239-402E-958C-DA9FD3A9392A}"
EndProject
Project("{9A19103F-16F7-4668-BE54-9A1E7A4F7556}") = "TicTacToe.Core", "TicTacToe.Core\TicTacToe.Core.csproj", "{EF84E5F7-E76B-48AC-99B9-AF41DB892EFC}"
EndProject
Project("{9A19103F-16F7-4668-BE54-9A1E7A4F7556}") = "TicTacToe.Infrastructure", "TicTacToe.Infrastructure\TicTacToe.Infrastructure.csproj", "{8B0395EF-1E81-453F-B800-7A99ED08EFBD}"
EndProject
Project("{9A19103F-16F7-4668-BE54-9A1E7A4F7556}") = "TicTacToe.Infrastructure.EntityFramework", "TicTacToe.Infrastructure.EntityFramework\TicTacToe.Infrastructure.EntityFramework.csproj", "{B0C75D8A-C208-4B49-BB57-2E727B9C538F}"
EndProject
Project("{2150E333-8FDC-42A3-9474-1A3956D46DE8}") = "Infrastructure", "Infrastructure", "{87059A8B-7240-4A1C-9ADF-84842C178AB1}"
EndProject
Project("{2150E333-8FDC-42A3-9474-1A3956D46DE8}") = "DataAccess", "DataAccess", "{76CBC211-024E-438A-9095-B1B3E87D7759}"
EndProject
Project("{9A19103F-16F7-4668-BE54-9A1E7A4F7556}") = "TicTacToe.Data.EntityFramework", "TicTacToe.Data.EntityFramework\TicTacToe.Data.EntityFramework.csproj", "{CF3FB167-04EA-4AFC-B477-A72A4000F05D}"
EndProject
Project("{9A19103F-16F7-4668-BE54-9A1E7A4F7556}") = "TicTacToe.Common", "TicTacToe.Common\TicTacToe.Common.csproj", "{8956664A-C3B8-45EC-8FB4-7B3180E9BEA0}"
EndProject
Global
	GlobalSection(SolutionConfigurationPlatforms) = preSolution
		Debug|Any CPU = Debug|Any CPU
		Release|Any CPU = Release|Any CPU
	EndGlobalSection
	GlobalSection(ProjectConfigurationPlatforms) = postSolution
		{4EEF1BD8-8A5F-465D-914D-392BE056A388}.Debug|Any CPU.ActiveCfg = Debug|Any CPU
		{4EEF1BD8-8A5F-465D-914D-392BE056A388}.Debug|Any CPU.Build.0 = Debug|Any CPU
		{4EEF1BD8-8A5F-465D-914D-392BE056A388}.Release|Any CPU.ActiveCfg = Release|Any CPU
		{4EEF1BD8-8A5F-465D-914D-392BE056A388}.Release|Any CPU.Build.0 = Release|Any CPU
		{5032C2AD-CE3D-453B-87EC-89B8A9228493}.Debug|Any CPU.ActiveCfg = Debug|Any CPU
		{5032C2AD-CE3D-453B-87EC-89B8A9228493}.Debug|Any CPU.Build.0 = Debug|Any CPU
		{5032C2AD-CE3D-453B-87EC-89B8A9228493}.Release|Any CPU.ActiveCfg = Release|Any CPU
		{5032C2AD-CE3D-453B-87EC-89B8A9228493}.Release|Any CPU.Build.0 = Release|Any CPU
		{B38EE89A-06FF-4E5A-BCD0-DF255AC770B0}.Debug|Any CPU.ActiveCfg = Debug|Any CPU
		{B38EE89A-06FF-4E5A-BCD0-DF255AC770B0}.Debug|Any CPU.Build.0 = Debug|Any CPU
		{B38EE89A-06FF-4E5A-BCD0-DF255AC770B0}.Release|Any CPU.ActiveCfg = Release|Any CPU
		{B38EE89A-06FF-4E5A-BCD0-DF255AC770B0}.Release|Any CPU.Build.0 = Release|Any CPU
		{EF84E5F7-E76B-48AC-99B9-AF41DB892EFC}.Debug|Any CPU.ActiveCfg = Debug|Any CPU
		{EF84E5F7-E76B-48AC-99B9-AF41DB892EFC}.Debug|Any CPU.Build.0 = Debug|Any CPU
		{EF84E5F7-E76B-48AC-99B9-AF41DB892EFC}.Release|Any CPU.ActiveCfg = Release|Any CPU
		{EF84E5F7-E76B-48AC-99B9-AF41DB892EFC}.Release|Any CPU.Build.0 = Release|Any CPU
		{8B0395EF-1E81-453F-B800-7A99ED08EFBD}.Debug|Any CPU.ActiveCfg = Debug|Any CPU
		{8B0395EF-1E81-453F-B800-7A99ED08EFBD}.Debug|Any CPU.Build.0 = Debug|Any CPU
		{8B0395EF-1E81-453F-B800-7A99ED08EFBD}.Release|Any CPU.ActiveCfg = Release|Any CPU
		{8B0395EF-1E81-453F-B800-7A99ED08EFBD}.Release|Any CPU.Build.0 = Release|Any CPU
		{B0C75D8A-C208-4B49-BB57-2E727B9C538F}.Debug|Any CPU.ActiveCfg = Debug|Any CPU
		{B0C75D8A-C208-4B49-BB57-2E727B9C538F}.Debug|Any CPU.Build.0 = Debug|Any CPU
		{B0C75D8A-C208-4B49-BB57-2E727B9C538F}.Release|Any CPU.ActiveCfg = Release|Any CPU
		{B0C75D8A-C208-4B49-BB57-2E727B9C538F}.Release|Any CPU.Build.0 = Release|Any CPU
		{CF3FB167-04EA-4AFC-B477-A72A4000F05D}.Debug|Any CPU.ActiveCfg = Debug|Any CPU
		{CF3FB167-04EA-4AFC-B477-A72A4000F05D}.Debug|Any CPU.Build.0 = Debug|Any CPU
		{CF3FB167-04EA-4AFC-B477-A72A4000F05D}.Release|Any CPU.ActiveCfg = Release|Any CPU
		{CF3FB167-04EA-4AFC-B477-A72A4000F05D}.Release|Any CPU.Build.0 = Release|Any CPU
		{8956664A-C3B8-45EC-8FB4-7B3180E9BEA0}.Debug|Any CPU.ActiveCfg = Debug|Any CPU
		{8956664A-C3B8-45EC-8FB4-7B3180E9BEA0}.Debug|Any CPU.Build.0 = Debug|Any CPU
		{8956664A-C3B8-45EC-8FB4-7B3180E9BEA0}.Release|Any CPU.ActiveCfg = Release|Any CPU
		{8956664A-C3B8-45EC-8FB4-7B3180E9BEA0}.Release|Any CPU.Build.0 = Release|Any CPU
	EndGlobalSection
	GlobalSection(SolutionProperties) = preSolution
		HideSolutionNode = FALSE
	EndGlobalSection
	GlobalSection(NestedProjects) = preSolution
		{5032C2AD-CE3D-453B-87EC-89B8A9228493} = {76CBC211-024E-438A-9095-B1B3E87D7759}
		{B38EE89A-06FF-4E5A-BCD0-DF255AC770B0} = {DF277DD6-7239-402E-958C-DA9FD3A9392A}
		{EF84E5F7-E76B-48AC-99B9-AF41DB892EFC} = {DF277DD6-7239-402E-958C-DA9FD3A9392A}
		{8B0395EF-1E81-453F-B800-7A99ED08EFBD} = {87059A8B-7240-4A1C-9ADF-84842C178AB1}
		{B0C75D8A-C208-4B49-BB57-2E727B9C538F} = {87059A8B-7240-4A1C-9ADF-84842C178AB1}
		{CF3FB167-04EA-4AFC-B477-A72A4000F05D} = {76CBC211-024E-438A-9095-B1B3E87D7759}
		{8956664A-C3B8-45EC-8FB4-7B3180E9BEA0} = {87059A8B-7240-4A1C-9ADF-84842C178AB1}
	EndGlobalSection
	GlobalSection(ExtensibilityGlobals) = postSolution
		SolutionGuid = {28E4046D-49A8-431D-B3D9-8C8098C6BEF4}
	EndGlobalSection
EndGlobal
